<?xml version="1.0" encoding="utf-8"?>
<Project ToolsVersion="4.0" xmlns="http://schemas.microsoft.com/developer/msbuild/2003">
  <ItemGroup>
    <Filter Include="Source Files">
      <UniqueIdentifier>{fcddc57f-dc0b-4bc5-93ee-6507a5c1aa89}</UniqueIdentifier>
    </Filter>
    <Filter Include="Header Files">
      <UniqueIdentifier>{698cd544-8918-41a4-970a-09699212ea78}</UniqueIdentifier>
    </Filter>
  </ItemGroup>
  <ItemGroup>
    <ClCompile Include="winnt_50.cpp">
      <Filter>Source Files</Filter>
    </ClCompile>
    <ClCompile Include="winnt_51.cpp">
      <Filter>Source Files</Filter>
    </ClCompile>
    <ClCompile Include="winnt_51_sp2.cpp">
      <Filter>Source Files</Filter>
    </ClCompile>
  </ItemGroup>
  <ItemGroup>
    <ClInclude Include="EnlyzeWinCompatLib.h">
      <Filter>Header Files</Filter>
    </ClInclude>
    <ClInclude Include="targetver.h">
      <Filter>Header Files</Filter>
    </ClInclude>
    <ClInclude Include="EnlyzeWinCompatLibInternal.h">
      <Filter>Header Files</Filter>
    </ClInclude>
  </ItemGroup>
  <ItemGroup>
    <MASM Include="winnt_50_forwarders.asm">
      <Filter>Source Files</Filter>
    </MASM>
    <MASM Include="winnt_51_forwarders.asm">
      <Filter>Source Files</Filter>
    </MASM>
    <MASM Include="winnt_51_sp2_forwarders.asm">
      <Filter>Source Files</Filter>
    </MASM>
  </ItemGroup>
</Project>